
Microsoft Visual Studio Solution File, Format Version 12.00
# Visual Studio Version 17
VisualStudioVersion = 17.12.35707.178
MinimumVisualStudioVersion = 10.0.40219.1
Project("{888888A0-9F3D-457C-B088-3A5042F75D52}") = "wiktionary_latin", "wiktionary_latin_py\wiktionary_latin.pyproj", "{40ED7992-672D-4428-A325-3EE4D28E8A3C}"
EndProject
Project("{8BC9CEB8-8B4A-11D0-8D11-00A0C91BC942}") = "weighted_damerau_levenshtein", "weightdamleven_cpp\weightdamleven.vcxproj", "{92424C49-B681-419F-9E8C-58D4333D2FFB}"
EndProject
Global
	GlobalSection(SolutionConfigurationPlatforms) = preSolution
		Debug|Any CPU = Debug|Any CPU
		Debug|x64 = Debug|x64
		Debug|x86 = Debug|x86
		Release|Any CPU = Release|Any CPU
		Release|x64 = Release|x64
		Release|x86 = Release|x86
	EndGlobalSection
	GlobalSection(ProjectConfigurationPlatforms) = postSolution
		{40ED7992-672D-4428-A325-3EE4D28E8A3C}.Debug|Any CPU.ActiveCfg = Debug|Any CPU
		{40ED7992-672D-4428-A325-3EE4D28E8A3C}.Debug|x64.ActiveCfg = Debug|Any CPU
		{40ED7992-672D-4428-A325-3EE4D28E8A3C}.Debug|x86.ActiveCfg = Debug|Any CPU
		{40ED7992-672D-4428-A325-3EE4D28E8A3C}.Release|Any CPU.ActiveCfg = Release|Any CPU
		{40ED7992-672D-4428-A325-3EE4D28E8A3C}.Release|x64.ActiveCfg = Release|Any CPU
		{40ED7992-672D-4428-A325-3EE4D28E8A3C}.Release|x86.ActiveCfg = Release|Any CPU
		{92424C49-B681-419F-9E8C-58D4333D2FFB}.Debug|Any CPU.ActiveCfg = Debug|x64
		{92424C49-B681-419F-9E8C-58D4333D2FFB}.Debug|Any CPU.Build.0 = Debug|x64
		{92424C49-B681-419F-9E8C-58D4333D2FFB}.Debug|x64.ActiveCfg = Debug|x64
		{92424C49-B681-419F-9E8C-58D4333D2FFB}.Debug|x64.Build.0 = Debug|x64
		{92424C49-B681-419F-9E8C-58D4333D2FFB}.Debug|x86.ActiveCfg = Debug|Win32
		{92424C49-B681-419F-9E8C-58D4333D2FFB}.Debug|x86.Build.0 = Debug|Win32
		{92424C49-B681-419F-9E8C-58D4333D2FFB}.Release|Any CPU.ActiveCfg = Release|x64
		{92424C49-B681-419F-9E8C-58D4333D2FFB}.Release|Any CPU.Build.0 = Release|x64
		{92424C49-B681-419F-9E8C-58D4333D2FFB}.Release|x64.ActiveCfg = Release|x64
		{92424C49-B681-419F-9E8C-58D4333D2FFB}.Release|x64.Build.0 = Release|x64
		{92424C49-B681-419F-9E8C-58D4333D2FFB}.Release|x86.ActiveCfg = Release|Win32
		{92424C49-B681-419F-9E8C-58D4333D2FFB}.Release|x86.Build.0 = Release|Win32
	EndGlobalSection
	GlobalSection(SolutionProperties) = preSolution
		HideSolutionNode = FALSE
	EndGlobalSection
EndGlobal
